
Microsoft Visual Studio Solution File, Format Version 12.00
# Visual Studio Version 17
VisualStudioVersion = 17.12.35707.178
MinimumVisualStudioVersion = 10.0.40219.1
Project("{FAE04EC0-301F-11D3-BF4B-00C04F79EFBC}") = "orizo", "orizo\orizo.csproj", "{E8297771-2AEC-4DC2-9456-B067199755E5}"
EndProject
Project("{FAE04EC0-301F-11D3-BF4B-00C04F79EFBC}") = "GestionBus", "GestionBus\GestionBus.csproj", "{0DE47C83-2643-465C-804C-0FA50C03D5A1}"
EndProject
Project("{FAE04EC0-301F-11D3-BF4B-00C04F79EFBC}") = "ParcoursBus", "ParcoursBus\ParcoursBus.csproj", "{A93F7792-A1D1-454A-9605-E1163A36609A}"
EndProject
Global
	GlobalSection(SolutionConfigurationPlatforms) = preSolution
		Debug|Any CPU = Debug|Any CPU
		Release|Any CPU = Release|Any CPU
	EndGlobalSection
	GlobalSection(ProjectConfigurationPlatforms) = postSolution
		{E8297771-2AEC-4DC2-9456-B067199755E5}.Debug|Any CPU.ActiveCfg = Debug|Any CPU
		{E8297771-2AEC-4DC2-9456-B067199755E5}.Debug|Any CPU.Build.0 = Debug|Any CPU
		{E8297771-2AEC-4DC2-9456-B067199755E5}.Release|Any CPU.ActiveCfg = Release|Any CPU
		{E8297771-2AEC-4DC2-9456-B067199755E5}.Release|Any CPU.Build.0 = Release|Any CPU
		{0DE47C83-2643-465C-804C-0FA50C03D5A1}.Debug|Any CPU.ActiveCfg = Debug|Any CPU
		{0DE47C83-2643-465C-804C-0FA50C03D5A1}.Debug|Any CPU.Build.0 = Debug|Any CPU
		{0DE47C83-2643-465C-804C-0FA50C03D5A1}.Release|Any CPU.ActiveCfg = Release|Any CPU
		{0DE47C83-2643-465C-804C-0FA50C03D5A1}.Release|Any CPU.Build.0 = Release|Any CPU
		{A93F7792-A1D1-454A-9605-E1163A36609A}.Debug|Any CPU.ActiveCfg = Debug|Any CPU
		{A93F7792-A1D1-454A-9605-E1163A36609A}.Debug|Any CPU.Build.0 = Debug|Any CPU
		{A93F7792-A1D1-454A-9605-E1163A36609A}.Release|Any CPU.ActiveCfg = Release|Any CPU
		{A93F7792-A1D1-454A-9605-E1163A36609A}.Release|Any CPU.Build.0 = Release|Any CPU
	EndGlobalSection
	GlobalSection(SolutionProperties) = preSolution
		HideSolutionNode = FALSE
	EndGlobalSection
	GlobalSection(ExtensibilityGlobals) = postSolution
		SolutionGuid = {590BF647-E64E-462D-B4AD-01CB3F5CB083}
	EndGlobalSection
EndGlobal
